
Microsoft Visual Studio Solution File, Format Version 12.00
# Visual Studio Version 17
VisualStudioVersion = 17.8.34330.188
MinimumVisualStudioVersion = 10.0.40219.1
Project("{FAE04EC0-301F-11D3-BF4B-00C04F79EFBC}") = "Collection", "Collection\Collection.csproj", "{9F10B785-C597-4F0D-B679-B27C1F44806F}"
EndProject
Global
	GlobalSection(SolutionConfigurationPlatforms) = preSolution
		Debug|Any CPU = Debug|Any CPU
		Release|Any CPU = Release|Any CPU
	EndGlobalSection
	GlobalSection(ProjectConfigurationPlatforms) = postSolution
		{9F10B785-C597-4F0D-B679-B27C1F44806F}.Debug|Any CPU.ActiveCfg = Debug|Any CPU
		{9F10B785-C597-4F0D-B679-B27C1F44806F}.Debug|Any CPU.Build.0 = Debug|Any CPU
		{9F10B785-C597-4F0D-B679-B27C1F44806F}.Release|Any CPU.ActiveCfg = Release|Any CPU
		{9F10B785-C597-4F0D-B679-B27C1F44806F}.Release|Any CPU.Build.0 = Release|Any CPU
	EndGlobalSection
	GlobalSection(SolutionProperties) = preSolution
		HideSolutionNode = FALSE
	EndGlobalSection
	GlobalSection(ExtensibilityGlobals) = postSolution
		SolutionGuid = {7AD22DAC-D599-4AAE-89F7-885C17082CE2}
	EndGlobalSection
EndGlobal
